# THIS IS AN AUTOGENERATED FILE. DO NOT EDIT THIS FILE DIRECTLY.
# yarn lockfile v1


"@babel/helper-module-imports@^7.10.4":
  version "7.14.5"
  resolved "https://registry.yarnpkg.com/@babel/helper-module-imports/-/helper-module-imports-7.14.5.tgz#6d1a44df6a38c957aa7c312da076429f11b422f3"
  dependencies:
    "@babel/types" "^7.14.5"

"@babel/helper-plugin-utils@^7.14.5":
  version "7.14.5"
  resolved "https://registry.yarnpkg.com/@babel/helper-plugin-utils/-/helper-plugin-utils-7.14.5.tgz#5ac822ce97eec46741ab70a517971e443a70c5a9"

"@babel/helper-validator-identifier@^7.14.5":
  version "7.14.5"
  resolved "https://registry.yarnpkg.com/@babel/helper-validator-identifier/-/helper-validator-identifier-7.14.5.tgz#d0f0e277c512e0c938277faa85a3968c9a44c0e8"

"@babel/plugin-syntax-jsx@^7.10.4":
  version "7.14.5"
  resolved "https://registry.yarnpkg.com/@babel/plugin-syntax-jsx/-/plugin-syntax-jsx-7.14.5.tgz#000e2e25d8673cce49300517a3eda44c263e4201"
  dependencies:
    "@babel/helper-plugin-utils" "^7.14.5"

"@babel/types@^7.11.5", "@babel/types@^7.14.5":
  version "7.14.5"
  resolved "https://registry.yarnpkg.com/@babel/types/-/types-7.14.5.tgz#3bb997ba829a2104cedb20689c4a5b8121d383ff"
  dependencies:
    "@babel/helper-validator-identifier" "^7.14.5"
    to-fast-properties "^2.0.0"

babel-plugin-jsx-dom-expressions@~0.26.3:
  version "0.26.3"
  resolved "https://registry.yarnpkg.com/babel-plugin-jsx-dom-expressions/-/babel-plugin-jsx-dom-expressions-0.26.3.tgz#3b0e5056dd03639fe6f6bc950420f59741fe450b"
  dependencies:
    "@babel/helper-module-imports" "^7.10.4"
    "@babel/plugin-syntax-jsx" "^7.10.4"
    "@babel/types" "^7.11.5"

babel-preset-solid@^0.26.5:
  version "0.26.5"
  resolved "https://registry.yarnpkg.com/babel-preset-solid/-/babel-preset-solid-0.26.5.tgz#c5414af14a7ab84eb6c7a0aefbd3d8def9aff843"
  dependencies:
    babel-plugin-jsx-dom-expressions "~0.26.3"

solid-js@^0.26.5:
  version "0.26.5"
  resolved "https://registry.yarnpkg.com/solid-js/-/solid-js-0.26.5.tgz#be171d2298b4dc506c84fd11fe750a1743c7080b"

to-fast-properties@^2.0.0:
  version "2.0.0"
  resolved "https://registry.yarnpkg.com/to-fast-properties/-/to-fast-properties-2.0.0.tgz#dc5e698cbd079265bc73e0377681a4e4e83f616e"
